
Microsoft Visual Studio Solution File, Format Version 12.00
# Visual Studio 15
VisualStudioVersion = 15.0.28124.53
MinimumVisualStudioVersion = 10.0.40219.1
Project("{FAE04EC0-301F-11D3-BF4B-00C04F79EFBC}") = "WebApplication2", "WebApplication2\WebApplication2.csproj", "{C90D32DA-1D2D-4AC7-B96F-C03D6C52C7EF}"
EndProject
Global
	GlobalSection(SolutionConfigurationPlatforms) = preSolution
		Debug|Any CPU = Debug|Any CPU
		Release|Any CPU = Release|Any CPU
	EndGlobalSection
	GlobalSection(ProjectConfigurationPlatforms) = postSolution
		{C90D32DA-1D2D-4AC7-B96F-C03D6C52C7EF}.Debug|Any CPU.ActiveCfg = Debug|Any CPU
		{C90D32DA-1D2D-4AC7-B96F-C03D6C52C7EF}.Debug|Any CPU.Build.0 = Debug|Any CPU
		{C90D32DA-1D2D-4AC7-B96F-C03D6C52C7EF}.Release|Any CPU.ActiveCfg = Release|Any CPU
		{C90D32DA-1D2D-4AC7-B96F-C03D6C52C7EF}.Release|Any CPU.Build.0 = Release|Any CPU
	EndGlobalSection
	GlobalSection(SolutionProperties) = preSolution
		HideSolutionNode = FALSE
	EndGlobalSection
	GlobalSection(ExtensibilityGlobals) = postSolution
		SolutionGuid = {46A02A20-FEC7-4B89-8065-B87A3BBE6C1E}
	EndGlobalSection
EndGlobal
